
Microsoft Visual Studio Solution File, Format Version 12.00
# Visual Studio Version 17
VisualStudioVersion = 17.2.32630.192
MinimumVisualStudioVersion = 10.0.40219.1
Project("{FAE04EC0-301F-11D3-BF4B-00C04F79EFBC}") = "todobackend", "todobackend\todobackend.csproj", "{43DE8AEC-D874-43B1-B464-B9C2B6727D62}"
EndProject
Global
	GlobalSection(SolutionConfigurationPlatforms) = preSolution
		Debug|Any CPU = Debug|Any CPU
		Release|Any CPU = Release|Any CPU
	EndGlobalSection
	GlobalSection(ProjectConfigurationPlatforms) = postSolution
		{43DE8AEC-D874-43B1-B464-B9C2B6727D62}.Debug|Any CPU.ActiveCfg = Debug|Any CPU
		{43DE8AEC-D874-43B1-B464-B9C2B6727D62}.Debug|Any CPU.Build.0 = Debug|Any CPU
		{43DE8AEC-D874-43B1-B464-B9C2B6727D62}.Release|Any CPU.ActiveCfg = Release|Any CPU
		{43DE8AEC-D874-43B1-B464-B9C2B6727D62}.Release|Any CPU.Build.0 = Release|Any CPU
	EndGlobalSection
	GlobalSection(SolutionProperties) = preSolution
		HideSolutionNode = FALSE
	EndGlobalSection
	GlobalSection(ExtensibilityGlobals) = postSolution
		SolutionGuid = {0DB965E9-13A0-4111-AB73-641A18DE332D}
	EndGlobalSection
EndGlobal
